{
  "object": {
    "pins": [
      {
        "package": "Swift2D",
        "repositoryURL": "https://github.com/richardpiazza/Swift2D",
        "state": {
          "branch": null,
          "revision": "8be845f3591ab864db61c3d9dbf6f3d0b8c9407c",
          "version": "0.2.0"
        }
      }
    ]
  },
  "version": 1
}
