{
  "pins" : [
    {
      "identity" : "swift2d",
      "kind" : "remoteSourceControl",
      "location" : "https://github.com/richardpiazza/Swift2D",
      "state" : {
        "revision" : "b18c58dbcc4aa8091df51be0512ee5b0d16559e5",
        "version" : "2.2.0"
      }
    },
    {
      "identity" : "swiftformat",
      "kind" : "remoteSourceControl",
      "location" : "https://github.com/nicklockwood/SwiftFormat",
      "state" : {
        "revision" : "d35227722eb590b34a3ccaf8b40759e8910bc870",
        "version" : "0.56.1"
      }
    }
  ],
  "version" : 2
}
